
Microsoft Visual Studio Solution File, Format Version 12.00
# Visual Studio 2012
Project("{FAE04EC0-301F-11D3-BF4B-00C04F79EFBC}") = "PracticeProject", "PracticeProject\PracticeProject.csproj", "{9A5891B2-E4A2-4A5C-8193-AA01AC665913}"
EndProject
Global
	GlobalSection(SolutionConfigurationPlatforms) = preSolution
		Debug|x86 = Debug|x86
		Release|x86 = Release|x86
	EndGlobalSection
	GlobalSection(ProjectConfigurationPlatforms) = postSolution
		{9A5891B2-E4A2-4A5C-8193-AA01AC665913}.Debug|x86.ActiveCfg = Debug|x86
		{9A5891B2-E4A2-4A5C-8193-AA01AC665913}.Debug|x86.Build.0 = Debug|x86
		{9A5891B2-E4A2-4A5C-8193-AA01AC665913}.Release|x86.ActiveCfg = Release|x86
		{9A5891B2-E4A2-4A5C-8193-AA01AC665913}.Release|x86.Build.0 = Release|x86
	EndGlobalSection
EndGlobal
